// !$*UTF8*$!
{
	archiveVersion = 1;
	classes = {
	};
	objectVersion = 55;
	objects = {

/* Begin PBXBuildFile section */
		8078A53D28333AFA009E2B9E /* ButtonExtensions.swift in Sources */ = {isa = PBXBuildFile; fileRef = 8078A53C28333AFA009E2B9E /* ButtonExtensions.swift */; };
		8078A53F28333C2E009E2B9E /* BottomButtonView.swift in Sources */ = {isa = PBXBuildFile; fileRef = 8078A53E28333C2E009E2B9E /* BottomButtonView.swift */; };
		8078A5412833472B009E2B9E /* TitleView.swift in Sources */ = {isa = PBXBuildFile; fileRef = 8078A5402833472B009E2B9E /* TitleView.swift */; };
		8078A5432833475B009E2B9E /* ScoreView.swift in Sources */ = {isa = PBXBuildFile; fileRef = 8078A5422833475B009E2B9E /* ScoreView.swift */; };
		80B60E6328236C310028E618 /* StackedTileView.swift in Sources */ = {isa = PBXBuildFile; fileRef = 80B60E6228236C310028E618 /* StackedTileView.swift */; };
		80C7EDB8280659E1000584BF /* Application.swift in Sources */ = {isa = PBXBuildFile; fileRef = 80C7EDB7280659E1000584BF /* Application.swift */; };
		80C7EDBA280659E1000584BF /* GameView.swift in Sources */ = {isa = PBXBuildFile; fileRef = 80C7EDB9280659E1000584BF /* GameView.swift */; };
		80C7EDBC280659E2000584BF /* Assets.xcassets in Resources */ = {isa = PBXBuildFile; fileRef = 80C7EDBB280659E2000584BF /* Assets.xcassets */; };
		80D0C0612807D052001C6D29 /* Game.swift in Sources */ = {isa = PBXBuildFile; fileRef = 80D0C0602807D052001C6D29 /* Game.swift */; };
		80D0C0632807D077001C6D29 /* AudioPlayer.swift in Sources */ = {isa = PBXBuildFile; fileRef = 80D0C0622807D077001C6D29 /* AudioPlayer.swift */; };
		80D0C0652807D098001C6D29 /* Tile.swift in Sources */ = {isa = PBXBuildFile; fileRef = 80D0C0642807D098001C6D29 /* Tile.swift */; };
		80D0C0682807DEE1001C6D29 /* TaskExtensions.swift in Sources */ = {isa = PBXBuildFile; fileRef = 80D0C0672807DEE1001C6D29 /* TaskExtensions.swift */; };
		80E4AEDE281CE6C9007E5D8D /* TileView.swift in Sources */ = {isa = PBXBuildFile; fileRef = 80E4AEDD281CE6C9007E5D8D /* TileView.swift */; };
		80E4AEE0281CE920007E5D8D /* CenterView.swift in Sources */ = {isa = PBXBuildFile; fileRef = 80E4AEDF281CE920007E5D8D /* CenterView.swift */; };
/* End PBXBuildFile section */

/* Begin PBXFileReference section */
		8078A53C28333AFA009E2B9E /* ButtonExtensions.swift */ = {isa = PBXFileReference; lastKnownFileType = sourcecode.swift; path = ButtonExtensions.swift; sourceTree = "<group>"; };
		8078A53E28333C2E009E2B9E /* BottomButtonView.swift */ = {isa = PBXFileReference; lastKnownFileType = sourcecode.swift; path = BottomButtonView.swift; sourceTree = "<group>"; };
		8078A5402833472B009E2B9E /* TitleView.swift */ = {isa = PBXFileReference; lastKnownFileType = sourcecode.swift; path = TitleView.swift; sourceTree = "<group>"; };
		8078A5422833475B009E2B9E /* ScoreView.swift */ = {isa = PBXFileReference; lastKnownFileType = sourcecode.swift; path = ScoreView.swift; sourceTree = "<group>"; };
		80B60E6228236C310028E618 /* StackedTileView.swift */ = {isa = PBXFileReference; lastKnownFileType = sourcecode.swift; path = StackedTileView.swift; sourceTree = "<group>"; };
		80C7EDB4280659E1000584BF /* SwiftSays.app */ = {isa = PBXFileReference; explicitFileType = wrapper.application; includeInIndex = 0; path = SwiftSays.app; sourceTree = BUILT_PRODUCTS_DIR; };
		80C7EDB7280659E1000584BF /* Application.swift */ = {isa = PBXFileReference; lastKnownFileType = sourcecode.swift; path = Application.swift; sourceTree = "<group>"; };
		80C7EDB9280659E1000584BF /* GameView.swift */ = {isa = PBXFileReference; lastKnownFileType = sourcecode.swift; path = GameView.swift; sourceTree = "<group>"; };
		80C7EDBB280659E2000584BF /* Assets.xcassets */ = {isa = PBXFileReference; lastKnownFileType = folder.assetcatalog; path = Assets.xcassets; sourceTree = "<group>"; };
		80D0C0602807D052001C6D29 /* Game.swift */ = {isa = PBXFileReference; lastKnownFileType = sourcecode.swift; path = Game.swift; sourceTree = "<group>"; };
		80D0C0622807D077001C6D29 /* AudioPlayer.swift */ = {isa = PBXFileReference; lastKnownFileType = sourcecode.swift; path = AudioPlayer.swift; sourceTree = "<group>"; };
		80D0C0642807D098001C6D29 /* Tile.swift */ = {isa = PBXFileReference; lastKnownFileType = sourcecode.swift; path = Tile.swift; sourceTree = "<group>"; };
		80D0C0672807DEE1001C6D29 /* TaskExtensions.swift */ = {isa = PBXFileReference; lastKnownFileType = sourcecode.swift; path = TaskExtensions.swift; sourceTree = "<group>"; };
		80E4AEDD281CE6C9007E5D8D /* TileView.swift */ = {isa = PBXFileReference; lastKnownFileType = sourcecode.swift; path = TileView.swift; sourceTree = "<group>"; };
		80E4AEDF281CE920007E5D8D /* CenterView.swift */ = {isa = PBXFileReference; lastKnownFileType = sourcecode.swift; path = CenterView.swift; sourceTree = "<group>"; };
/* End PBXFileReference section */

/* Begin PBXFrameworksBuildPhase section */
		80C7EDB1280659E1000584BF /* Frameworks */ = {
			isa = PBXFrameworksBuildPhase;
			buildActionMask = 2147483647;
			files = (
			);
			runOnlyForDeploymentPostprocessing = 0;
		};
/* End PBXFrameworksBuildPhase section */

/* Begin PBXGroup section */
		80C7EDAB280659E1000584BF = {
			isa = PBXGroup;
			children = (
				80C7EDB6280659E1000584BF /* SwiftSays */,
				80C7EDB5280659E1000584BF /* Products */,
			);
			sourceTree = "<group>";
		};
		80C7EDB5280659E1000584BF /* Products */ = {
			isa = PBXGroup;
			children = (
				80C7EDB4280659E1000584BF /* SwiftSays.app */,
			);
			name = Products;
			sourceTree = "<group>";
		};
		80C7EDB6280659E1000584BF /* SwiftSays */ = {
			isa = PBXGroup;
			children = (
				80C7EDC528065A27000584BF /* App Files */,
				80D0C0662807DED6001C6D29 /* Extensions */,
				80D0C05F2807D03B001C6D29 /* Models */,
				80C7EDC628065A2C000584BF /* User Interface */,
			);
			path = SwiftSays;
			sourceTree = "<group>";
		};
		80C7EDC528065A27000584BF /* App Files */ = {
			isa = PBXGroup;
			children = (
				80C7EDB7280659E1000584BF /* Application.swift */,
				80C7EDBB280659E2000584BF /* Assets.xcassets */,
			);
			path = "App Files";
			sourceTree = "<group>";
		};
		80C7EDC628065A2C000584BF /* User Interface */ = {
			isa = PBXGroup;
			children = (
				8078A53E28333C2E009E2B9E /* BottomButtonView.swift */,
				80E4AEDF281CE920007E5D8D /* CenterView.swift */,
				80C7EDB9280659E1000584BF /* GameView.swift */,
				8078A5422833475B009E2B9E /* ScoreView.swift */,
				80B60E6228236C310028E618 /* StackedTileView.swift */,
				80E4AEDD281CE6C9007E5D8D /* TileView.swift */,
				8078A5402833472B009E2B9E /* TitleView.swift */,
			);
			path = "User Interface";
			sourceTree = "<group>";
		};
		80D0C05F2807D03B001C6D29 /* Models */ = {
			isa = PBXGroup;
			children = (
				80D0C0622807D077001C6D29 /* AudioPlayer.swift */,
				80D0C0602807D052001C6D29 /* Game.swift */,
				80D0C0642807D098001C6D29 /* Tile.swift */,
			);
			path = Models;
			sourceTree = "<group>";
		};
		80D0C0662807DED6001C6D29 /* Extensions */ = {
			isa = PBXGroup;
			children = (
				8078A53C28333AFA009E2B9E /* ButtonExtensions.swift */,
				80D0C0672807DEE1001C6D29 /* TaskExtensions.swift */,
			);
			path = Extensions;
			sourceTree = "<group>";
		};
/* End PBXGroup section */

/* Begin PBXNativeTarget section */
		80C7EDB3280659E1000584BF /* SwiftSays */ = {
			isa = PBXNativeTarget;
			buildConfigurationList = 80C7EDC2280659E2000584BF /* Build configuration list for PBXNativeTarget "SwiftSays" */;
			buildPhases = (
				80C7EDB0280659E1000584BF /* Sources */,
				80C7EDB1280659E1000584BF /* Frameworks */,
				80C7EDB2280659E1000584BF /* Resources */,
			);
			buildRules = (
			);
			dependencies = (
			);
			name = SwiftSays;
			productName = SwiftSays;
			productReference = 80C7EDB4280659E1000584BF /* SwiftSays.app */;
			productType = "com.apple.product-type.application";
		};
/* End PBXNativeTarget section */

/* Begin PBXProject section */
		80C7EDAC280659E1000584BF /* Project object */ = {
			isa = PBXProject;
			attributes = {
				BuildIndependentTargetsInParallel = 1;
				LastSwiftUpdateCheck = 1330;
				LastUpgradeCheck = 1330;
				TargetAttributes = {
					80C7EDB3280659E1000584BF = {
						CreatedOnToolsVersion = 13.3;
					};
				};
			};
			buildConfigurationList = 80C7EDAF280659E1000584BF /* Build configuration list for PBXProject "SwiftSays" */;
			compatibilityVersion = "Xcode 13.0";
			developmentRegion = en;
			hasScannedForEncodings = 0;
			knownRegions = (
				en,
				Base,
			);
			mainGroup = 80C7EDAB280659E1000584BF;
			productRefGroup = 80C7EDB5280659E1000584BF /* Products */;
			projectDirPath = "";
			projectRoot = "";
			targets = (
				80C7EDB3280659E1000584BF /* SwiftSays */,
			);
		};
/* End PBXProject section */

/* Begin PBXResourcesBuildPhase section */
		80C7EDB2280659E1000584BF /* Resources */ = {
			isa = PBXResourcesBuildPhase;
			buildActionMask = 2147483647;
			files = (
				80C7EDBC280659E2000584BF /* Assets.xcassets in Resources */,
			);
			runOnlyForDeploymentPostprocessing = 0;
		};
/* End PBXResourcesBuildPhase section */

/* Begin PBXSourcesBuildPhase section */
		80C7EDB0280659E1000584BF /* Sources */ = {
			isa = PBXSourcesBuildPhase;
			buildActionMask = 2147483647;
			files = (
				8078A53F28333C2E009E2B9E /* BottomButtonView.swift in Sources */,
				80D0C0612807D052001C6D29 /* Game.swift in Sources */,
				80E4AEDE281CE6C9007E5D8D /* TileView.swift in Sources */,
				80B60E6328236C310028E618 /* StackedTileView.swift in Sources */,
				80C7EDBA280659E1000584BF /* GameView.swift in Sources */,
				80D0C0682807DEE1001C6D29 /* TaskExtensions.swift in Sources */,
				80D0C0652807D098001C6D29 /* Tile.swift in Sources */,
				80C7EDB8280659E1000584BF /* Application.swift in Sources */,
				80D0C0632807D077001C6D29 /* AudioPlayer.swift in Sources */,
				80E4AEE0281CE920007E5D8D /* CenterView.swift in Sources */,
				8078A53D28333AFA009E2B9E /* ButtonExtensions.swift in Sources */,
				8078A5432833475B009E2B9E /* ScoreView.swift in Sources */,
				8078A5412833472B009E2B9E /* TitleView.swift in Sources */,
			);
			runOnlyForDeploymentPostprocessing = 0;
		};
/* End PBXSourcesBuildPhase section */

/* Begin XCBuildConfiguration section */
		80C7EDC0280659E2000584BF /* Debug */ = {
			isa = XCBuildConfiguration;
			buildSettings = {
				ALWAYS_SEARCH_USER_PATHS = NO;
				CLANG_ANALYZER_NONNULL = YES;
				CLANG_ANALYZER_NUMBER_OBJECT_CONVERSION = YES_AGGRESSIVE;
				CLANG_CXX_LANGUAGE_STANDARD = "gnu++17";
				CLANG_ENABLE_MODULES = YES;
				CLANG_ENABLE_OBJC_ARC = YES;
				CLANG_ENABLE_OBJC_WEAK = YES;
				CLANG_WARN_BLOCK_CAPTURE_AUTORELEASING = YES;
				CLANG_WARN_BOOL_CONVERSION = YES;
				CLANG_WARN_COMMA = YES;
				CLANG_WARN_CONSTANT_CONVERSION = YES;
				CLANG_WARN_DEPRECATED_OBJC_IMPLEMENTATIONS = YES;
				CLANG_WARN_DIRECT_OBJC_ISA_USAGE = YES_ERROR;
				CLANG_WARN_DOCUMENTATION_COMMENTS = YES;
				CLANG_WARN_EMPTY_BODY = YES;
				CLANG_WARN_ENUM_CONVERSION = YES;
				CLANG_WARN_INFINITE_RECURSION = YES;
				CLANG_WARN_INT_CONVERSION = YES;
				CLANG_WARN_NON_LITERAL_NULL_CONVERSION = YES;
				CLANG_WARN_OBJC_IMPLICIT_RETAIN_SELF = YES;
				CLANG_WARN_OBJC_LITERAL_CONVERSION = YES;
				CLANG_WARN_OBJC_ROOT_CLASS = YES_ERROR;
				CLANG_WARN_QUOTED_INCLUDE_IN_FRAMEWORK_HEADER = YES;
				CLANG_WARN_RANGE_LOOP_ANALYSIS = YES;
				CLANG_WARN_STRICT_PROTOTYPES = YES;
				CLANG_WARN_SUSPICIOUS_MOVE = YES;
				CLANG_WARN_UNGUARDED_AVAILABILITY = YES_AGGRESSIVE;
				CLANG_WARN_UNREACHABLE_CODE = YES;
				CLANG_WARN__DUPLICATE_METHOD_MATCH = YES;
				COPY_PHASE_STRIP = NO;
				DEBUG_INFORMATION_FORMAT = dwarf;
				ENABLE_STRICT_OBJC_MSGSEND = YES;
				ENABLE_TESTABILITY = YES;
				GCC_C_LANGUAGE_STANDARD = gnu11;
				GCC_DYNAMIC_NO_PIC = NO;
				GCC_NO_COMMON_BLOCKS = YES;
				GCC_OPTIMIZATION_LEVEL = 0;
				GCC_PREPROCESSOR_DEFINITIONS = (
					"DEBUG=1",
					"$(inherited)",
				);
				GCC_WARN_64_TO_32_BIT_CONVERSION = YES;
				GCC_WARN_ABOUT_RETURN_TYPE = YES_ERROR;
				GCC_WARN_UNDECLARED_SELECTOR = YES;
				GCC_WARN_UNINITIALIZED_AUTOS = YES_AGGRESSIVE;
				GCC_WARN_UNUSED_FUNCTION = YES;
				GCC_WARN_UNUSED_VARIABLE = YES;
				IPHONEOS_DEPLOYMENT_TARGET = 15.4;
				MTL_ENABLE_DEBUG_INFO = INCLUDE_SOURCE;
				MTL_FAST_MATH = YES;
				ONLY_ACTIVE_ARCH = YES;
				SDKROOT = iphoneos;
				SWIFT_ACTIVE_COMPILATION_CONDITIONS = DEBUG;
				SWIFT_OPTIMIZATION_LEVEL = "-Onone";
			};
			name = Debug;
		};
		80C7EDC1280659E2000584BF /* Release */ = {
			isa = XCBuildConfiguration;
			buildSettings = {
				ALWAYS_SEARCH_USER_PATHS = NO;
				CLANG_ANALYZER_NONNULL = YES;
				CLANG_ANALYZER_NUMBER_OBJECT_CONVERSION = YES_AGGRESSIVE;
				CLANG_CXX_LANGUAGE_STANDARD = "gnu++17";
				CLANG_ENABLE_MODULES = YES;
				CLANG_ENABLE_OBJC_ARC = YES;
				CLANG_ENABLE_OBJC_WEAK = YES;
				CLANG_WARN_BLOCK_CAPTURE_AUTORELEASING = YES;
				CLANG_WARN_BOOL_CONVERSION = YES;
				CLANG_WARN_COMMA = YES;
				CLANG_WARN_CONSTANT_CONVERSION = YES;
				CLANG_WARN_DEPRECATED_OBJC_IMPLEMENTATIONS = YES;
				CLANG_WARN_DIRECT_OBJC_ISA_USAGE = YES_ERROR;
				CLANG_WARN_DOCUMENTATION_COMMENTS = YES;
				CLANG_WARN_EMPTY_BODY = YES;
				CLANG_WARN_ENUM_CONVERSION = YES;
				CLANG_WARN_INFINITE_RECURSION = YES;
				CLANG_WARN_INT_CONVERSION = YES;
				CLANG_WARN_NON_LITERAL_NULL_CONVERSION = YES;
				CLANG_WARN_OBJC_IMPLICIT_RETAIN_SELF = YES;
				CLANG_WARN_OBJC_LITERAL_CONVERSION = YES;
				CLANG_WARN_OBJC_ROOT_CLASS = YES_ERROR;
				CLANG_WARN_QUOTED_INCLUDE_IN_FRAMEWORK_HEADER = YES;
				CLANG_WARN_RANGE_LOOP_ANALYSIS = YES;
				CLANG_WARN_STRICT_PROTOTYPES = YES;
				CLANG_WARN_SUSPICIOUS_MOVE = YES;
				CLANG_WARN_UNGUARDED_AVAILABILITY = YES_AGGRESSIVE;
				CLANG_WARN_UNREACHABLE_CODE = YES;
				CLANG_WARN__DUPLICATE_METHOD_MATCH = YES;
				COPY_PHASE_STRIP = NO;
				DEBUG_INFORMATION_FORMAT = "dwarf-with-dsym";
				ENABLE_NS_ASSERTIONS = NO;
				ENABLE_STRICT_OBJC_MSGSEND = YES;
				GCC_C_LANGUAGE_STANDARD = gnu11;
				GCC_NO_COMMON_BLOCKS = YES;
				GCC_WARN_64_TO_32_BIT_CONVERSION = YES;
				GCC_WARN_ABOUT_RETURN_TYPE = YES_ERROR;
				GCC_WARN_UNDECLARED_SELECTOR = YES;
				GCC_WARN_UNINITIALIZED_AUTOS = YES_AGGRESSIVE;
				GCC_WARN_UNUSED_FUNCTION = YES;
				GCC_WARN_UNUSED_VARIABLE = YES;
				IPHONEOS_DEPLOYMENT_TARGET = 15.4;
				MTL_ENABLE_DEBUG_INFO = NO;
				MTL_FAST_MATH = YES;
				SDKROOT = iphoneos;
				SWIFT_COMPILATION_MODE = wholemodule;
				SWIFT_OPTIMIZATION_LEVEL = "-O";
				VALIDATE_PRODUCT = YES;
			};
			name = Release;
		};
		80C7EDC3280659E2000584BF /* Debug */ = {
			isa = XCBuildConfiguration;
			buildSettings = {
				ASSETCATALOG_COMPILER_APPICON_NAME = AppIcon;
				ASSETCATALOG_COMPILER_GLOBAL_ACCENT_COLOR_NAME = AccentColor;
				CODE_SIGN_STYLE = Automatic;
				CURRENT_PROJECT_VERSION = 1;
				DEVELOPMENT_ASSET_PATHS = "";
				DEVELOPMENT_TEAM = 78CW4BPHYV;
				ENABLE_PREVIEWS = YES;
				GENERATE_INFOPLIST_FILE = YES;
				INFOPLIST_KEY_UIApplicationSceneManifest_Generation = YES;
				INFOPLIST_KEY_UIApplicationSupportsIndirectInputEvents = YES;
				INFOPLIST_KEY_UILaunchScreen_Generation = YES;
				INFOPLIST_KEY_UISupportedInterfaceOrientations_iPad = "UIInterfaceOrientationPortrait UIInterfaceOrientationPortraitUpsideDown UIInterfaceOrientationLandscapeLeft UIInterfaceOrientationLandscapeRight";
				INFOPLIST_KEY_UISupportedInterfaceOrientations_iPhone = "UIInterfaceOrientationPortrait UIInterfaceOrientationLandscapeLeft UIInterfaceOrientationLandscapeRight";
				LD_RUNPATH_SEARCH_PATHS = (
					"$(inherited)",
					"@executable_path/Frameworks",
				);
				MARKETING_VERSION = 1.0;
				PRODUCT_BUNDLE_IDENTIFIER = com.rlziii.SwiftSays;
				PRODUCT_NAME = "$(TARGET_NAME)";
				SWIFT_EMIT_LOC_STRINGS = YES;
				SWIFT_VERSION = 5.0;
				TARGETED_DEVICE_FAMILY = "1,2";
			};
			name = Debug;
		};
		80C7EDC4280659E2000584BF /* Release */ = {
			isa = XCBuildConfiguration;
			buildSettings = {
				ASSETCATALOG_COMPILER_APPICON_NAME = AppIcon;
				ASSETCATALOG_COMPILER_GLOBAL_ACCENT_COLOR_NAME = AccentColor;
				CODE_SIGN_STYLE = Automatic;
				CURRENT_PROJECT_VERSION = 1;
				DEVELOPMENT_ASSET_PATHS = "";
				DEVELOPMENT_TEAM = 78CW4BPHYV;
				ENABLE_PREVIEWS = YES;
				GENERATE_INFOPLIST_FILE = YES;
				INFOPLIST_KEY_UIApplicationSceneManifest_Generation = YES;
				INFOPLIST_KEY_UIApplicationSupportsIndirectInputEvents = YES;
				INFOPLIST_KEY_UILaunchScreen_Generation = YES;
				INFOPLIST_KEY_UISupportedInterfaceOrientations_iPad = "UIInterfaceOrientationPortrait UIInterfaceOrientationPortraitUpsideDown UIInterfaceOrientationLandscapeLeft UIInterfaceOrientationLandscapeRight";
				INFOPLIST_KEY_UISupportedInterfaceOrientations_iPhone = "UIInterfaceOrientationPortrait UIInterfaceOrientationLandscapeLeft UIInterfaceOrientationLandscapeRight";
				LD_RUNPATH_SEARCH_PATHS = (
					"$(inherited)",
					"@executable_path/Frameworks",
				);
				MARKETING_VERSION = 1.0;
				PRODUCT_BUNDLE_IDENTIFIER = com.rlziii.SwiftSays;
				PRODUCT_NAME = "$(TARGET_NAME)";
				SWIFT_EMIT_LOC_STRINGS = YES;
				SWIFT_VERSION = 5.0;
				TARGETED_DEVICE_FAMILY = "1,2";
			};
			name = Release;
		};
/* End XCBuildConfiguration section */

/* Begin XCConfigurationList section */
		80C7EDAF280659E1000584BF /* Build configuration list for PBXProject "SwiftSays" */ = {
			isa = XCConfigurationList;
			buildConfigurations = (
				80C7EDC0280659E2000584BF /* Debug */,
				80C7EDC1280659E2000584BF /* Release */,
			);
			defaultConfigurationIsVisible = 0;
			defaultConfigurationName = Release;
		};
		80C7EDC2280659E2000584BF /* Build configuration list for PBXNativeTarget "SwiftSays" */ = {
			isa = XCConfigurationList;
			buildConfigurations = (
				80C7EDC3280659E2000584BF /* Debug */,
				80C7EDC4280659E2000584BF /* Release */,
			);
			defaultConfigurationIsVisible = 0;
			defaultConfigurationName = Release;
		};
/* End XCConfigurationList section */
	};
	rootObject = 80C7EDAC280659E1000584BF /* Project object */;
}
